
Microsoft Visual Studio Solution File, Format Version 12.00
# Visual Studio 2012
Project("{FAE04EC0-301F-11D3-BF4B-00C04F79EFBC}") = "Human, Student and Worker", "Human, Student and Worker\Human, Student and Worker.csproj", "{EC95999B-417A-4ED3-B183-35C3FA2A4960}"
EndProject
Global
	GlobalSection(SolutionConfigurationPlatforms) = preSolution
		Debug|Any CPU = Debug|Any CPU
		Release|Any CPU = Release|Any CPU
	EndGlobalSection
	GlobalSection(ProjectConfigurationPlatforms) = postSolution
		{EC95999B-417A-4ED3-B183-35C3FA2A4960}.Debug|Any CPU.ActiveCfg = Debug|Any CPU
		{EC95999B-417A-4ED3-B183-35C3FA2A4960}.Debug|Any CPU.Build.0 = Debug|Any CPU
		{EC95999B-417A-4ED3-B183-35C3FA2A4960}.Release|Any CPU.ActiveCfg = Release|Any CPU
		{EC95999B-417A-4ED3-B183-35C3FA2A4960}.Release|Any CPU.Build.0 = Release|Any CPU
	EndGlobalSection
	GlobalSection(SolutionProperties) = preSolution
		HideSolutionNode = FALSE
	EndGlobalSection
EndGlobal
