
Microsoft Visual Studio Solution File, Format Version 12.00
# Visual Studio 2012
Project("{FAE04EC0-301F-11D3-BF4B-00C04F79EFBC}") = "High-Quality Methods", "High-Quality Methods\High-Quality Methods.csproj", "{BF401226-BE04-4523-9B00-C735DDB70F14}"
EndProject
Project("{FAE04EC0-301F-11D3-BF4B-00C04F79EFBC}") = "HQ Student", "HQ Student\HQ Student.csproj", "{6EDE739E-6411-4555-AC9C-E79CD1BFA173}"
EndProject
Global
	GlobalSection(SolutionConfigurationPlatforms) = preSolution
		Debug|Any CPU = Debug|Any CPU
		Release|Any CPU = Release|Any CPU
	EndGlobalSection
	GlobalSection(ProjectConfigurationPlatforms) = postSolution
		{BF401226-BE04-4523-9B00-C735DDB70F14}.Debug|Any CPU.ActiveCfg = Debug|Any CPU
		{BF401226-BE04-4523-9B00-C735DDB70F14}.Debug|Any CPU.Build.0 = Debug|Any CPU
		{BF401226-BE04-4523-9B00-C735DDB70F14}.Release|Any CPU.ActiveCfg = Release|Any CPU
		{BF401226-BE04-4523-9B00-C735DDB70F14}.Release|Any CPU.Build.0 = Release|Any CPU
		{6EDE739E-6411-4555-AC9C-E79CD1BFA173}.Debug|Any CPU.ActiveCfg = Debug|Any CPU
		{6EDE739E-6411-4555-AC9C-E79CD1BFA173}.Debug|Any CPU.Build.0 = Debug|Any CPU
		{6EDE739E-6411-4555-AC9C-E79CD1BFA173}.Release|Any CPU.ActiveCfg = Release|Any CPU
		{6EDE739E-6411-4555-AC9C-E79CD1BFA173}.Release|Any CPU.Build.0 = Release|Any CPU
	EndGlobalSection
	GlobalSection(SolutionProperties) = preSolution
		HideSolutionNode = FALSE
	EndGlobalSection
EndGlobal
